{
  "name": "kifu-viwer",
  "version": "0.0.1",
  "lockfileVersion": 2,
  "requires": true,
  "packages": {
    "": {
      "name": "kifu-viwer",
      "version": "0.0.1",
      "license": "MIT",
      "dependencies": {
        "esbuild": "^0.12.17"
      },
      "devDependencies": {}
    },
    "node_modules/esbuild": {
      "version": "0.12.17",
      "resolved": "https://registry.npmjs.org/esbuild/-/esbuild-0.12.17.tgz",
      "integrity": "sha512-GshKJyVYUnlSXIZj/NheC2O0Kblh42CS7P1wJyTbbIHevTG4jYMS9NNw8EOd8dDWD0dzydYHS01MpZoUcQXB4g==",
      "hasInstallScript": true,
      "bin": {
        "esbuild": "bin/esbuild"
      }
    }
  },
  "dependencies": {
    "esbuild": {
      "version": "0.12.17",
      "resolved": "https://registry.npmjs.org/esbuild/-/esbuild-0.12.17.tgz",
      "integrity": "sha512-GshKJyVYUnlSXIZj/NheC2O0Kblh42CS7P1wJyTbbIHevTG4jYMS9NNw8EOd8dDWD0dzydYHS01MpZoUcQXB4g=="
    }
  }
}
