{
  "name": "kifu-viwer",
  "version": "0.0.1",
  "lockfileVersion": 1,
  "requires": true,
  "dependencies": {
    "esbuild": {
      "version": "0.8.32",
      "resolved": "https://registry.npmjs.org/esbuild/-/esbuild-0.8.32.tgz",
      "integrity": "sha512-5IzQapMW/wFy5oxziHCJzawk26K3xeyrIAQPnPN3c0Q84hqRw6IfGDGfGWOdJNw5tAx77yvwqZ4r1QMpo6emJA=="
    }
  }
}
